
Microsoft Visual Studio Solution File, Format Version 12.00
# Visual Studio Version 17
VisualStudioVersion = 17.0.32014.148
MinimumVisualStudioVersion = 10.0.40219.1
Project("{FAE04EC0-301F-11D3-BF4B-00C04F79EFBC}") = "projesifre", "projesifre\projesifre.csproj", "{684524F3-58FD-46BA-8F6A-0DF6C16AE935}"
EndProject
Global
	GlobalSection(SolutionConfigurationPlatforms) = preSolution
		Debug|Any CPU = Debug|Any CPU
		Release|Any CPU = Release|Any CPU
	EndGlobalSection
	GlobalSection(ProjectConfigurationPlatforms) = postSolution
		{684524F3-58FD-46BA-8F6A-0DF6C16AE935}.Debug|Any CPU.ActiveCfg = Debug|Any CPU
		{684524F3-58FD-46BA-8F6A-0DF6C16AE935}.Debug|Any CPU.Build.0 = Debug|Any CPU
		{684524F3-58FD-46BA-8F6A-0DF6C16AE935}.Release|Any CPU.ActiveCfg = Release|Any CPU
		{684524F3-58FD-46BA-8F6A-0DF6C16AE935}.Release|Any CPU.Build.0 = Release|Any CPU
	EndGlobalSection
	GlobalSection(SolutionProperties) = preSolution
		HideSolutionNode = FALSE
	EndGlobalSection
	GlobalSection(ExtensibilityGlobals) = postSolution
		SolutionGuid = {514EED0C-D3BE-463D-B2CF-2B197F95DE96}
	EndGlobalSection
EndGlobal
